{
  "name": "thesis_project",
  "version": "1.0.0",
  "lockfileVersion": 1,
  "requires": true,
  "dependencies": {
    "big.js": {
      "version": "6.0.1",
      "resolved": "https://registry.npmjs.org/big.js/-/big.js-6.0.1.tgz",
      "integrity": "sha512-o2EROPS1CEOLYNJKDRvmfVxpP9YTQxBSW0nJrpCpBjB5TEg3XYUt+WZHqrOVi/53GcQk8KFfNE08ZLpiD4iA2A=="
    }
  }
}
